// !$*UTF8*$!
{
	archiveVersion = 1;
	classes = {
	};
	objectVersion = 46;
	objects = {

/* Begin PBXBuildFile section */
		20072E741D2047CE0064A374 /* FlurryEventLogger.h in Headers */ = {isa = PBXBuildFile; fileRef = 20072E731D2047CE0064A374 /* FlurryEventLogger.h */; settings = {ATTRIBUTES = (Public, ); }; };
		20072E7B1D2047CF0064A374 /* FlurryEventLogger.framework in Frameworks */ = {isa = PBXBuildFile; fileRef = 20072E701D2047CE0064A374 /* FlurryEventLogger.framework */; };
		20072E801D2047CF0064A374 /* FlurryEventLoggerTests.swift in Sources */ = {isa = PBXBuildFile; fileRef = 20072E7F1D2047CF0064A374 /* FlurryEventLoggerTests.swift */; };
/* End PBXBuildFile section */

/* Begin PBXContainerItemProxy section */
		20072E7C1D2047CF0064A374 /* PBXContainerItemProxy */ = {
			isa = PBXContainerItemProxy;
			containerPortal = 20072E671D2047CE0064A374 /* Project object */;
			proxyType = 1;
			remoteGlobalIDString = 20072E6F1D2047CE0064A374;
			remoteInfo = FlurryEventLogger;
		};
/* End PBXContainerItemProxy section */

/* Begin PBXFileReference section */
		20072E701D2047CE0064A374 /* FlurryEventLogger.framework */ = {isa = PBXFileReference; explicitFileType = wrapper.framework; includeInIndex = 0; path = FlurryEventLogger.framework; sourceTree = BUILT_PRODUCTS_DIR; };
		20072E731D2047CE0064A374 /* FlurryEventLogger.h */ = {isa = PBXFileReference; lastKnownFileType = sourcecode.c.h; path = FlurryEventLogger.h; sourceTree = "<group>"; };
		20072E751D2047CE0064A374 /* Info.plist */ = {isa = PBXFileReference; lastKnownFileType = text.plist.xml; path = Info.plist; sourceTree = "<group>"; };
		20072E7A1D2047CF0064A374 /* FlurryEventLoggerTests.xctest */ = {isa = PBXFileReference; explicitFileType = wrapper.cfbundle; includeInIndex = 0; path = FlurryEventLoggerTests.xctest; sourceTree = BUILT_PRODUCTS_DIR; };
		20072E7F1D2047CF0064A374 /* FlurryEventLoggerTests.swift */ = {isa = PBXFileReference; lastKnownFileType = sourcecode.swift; path = FlurryEventLoggerTests.swift; sourceTree = "<group>"; };
		20072E811D2047CF0064A374 /* Info.plist */ = {isa = PBXFileReference; lastKnownFileType = text.plist.xml; path = Info.plist; sourceTree = "<group>"; };
/* End PBXFileReference section */

/* Begin PBXFrameworksBuildPhase section */
		20072E6C1D2047CE0064A374 /* Frameworks */ = {
			isa = PBXFrameworksBuildPhase;
			buildActionMask = 2147483647;
			files = (
			);
			runOnlyForDeploymentPostprocessing = 0;
		};
		20072E771D2047CF0064A374 /* Frameworks */ = {
			isa = PBXFrameworksBuildPhase;
			buildActionMask = 2147483647;
			files = (
				20072E7B1D2047CF0064A374 /* FlurryEventLogger.framework in Frameworks */,
			);
			runOnlyForDeploymentPostprocessing = 0;
		};
/* End PBXFrameworksBuildPhase section */

/* Begin PBXGroup section */
		20072E661D2047CE0064A374 = {
			isa = PBXGroup;
			children = (
				20072E721D2047CE0064A374 /* FlurryEventLogger */,
				20072E7E1D2047CF0064A374 /* FlurryEventLoggerTests */,
				20072E711D2047CE0064A374 /* Products */,
			);
			sourceTree = "<group>";
		};
		20072E711D2047CE0064A374 /* Products */ = {
			isa = PBXGroup;
			children = (
				20072E701D2047CE0064A374 /* FlurryEventLogger.framework */,
				20072E7A1D2047CF0064A374 /* FlurryEventLoggerTests.xctest */,
			);
			name = Products;
			sourceTree = "<group>";
		};
		20072E721D2047CE0064A374 /* FlurryEventLogger */ = {
			isa = PBXGroup;
			children = (
				20072E731D2047CE0064A374 /* FlurryEventLogger.h */,
				20072E751D2047CE0064A374 /* Info.plist */,
			);
			path = FlurryEventLogger;
			sourceTree = "<group>";
		};
		20072E7E1D2047CF0064A374 /* FlurryEventLoggerTests */ = {
			isa = PBXGroup;
			children = (
				20072E7F1D2047CF0064A374 /* FlurryEventLoggerTests.swift */,
				20072E811D2047CF0064A374 /* Info.plist */,
			);
			path = FlurryEventLoggerTests;
			sourceTree = "<group>";
		};
/* End PBXGroup section */

/* Begin PBXHeadersBuildPhase section */
		20072E6D1D2047CE0064A374 /* Headers */ = {
			isa = PBXHeadersBuildPhase;
			buildActionMask = 2147483647;
			files = (
				20072E741D2047CE0064A374 /* FlurryEventLogger.h in Headers */,
			);
			runOnlyForDeploymentPostprocessing = 0;
		};
/* End PBXHeadersBuildPhase section */

/* Begin PBXNativeTarget section */
		20072E6F1D2047CE0064A374 /* FlurryEventLogger */ = {
			isa = PBXNativeTarget;
			buildConfigurationList = 20072E841D2047CF0064A374 /* Build configuration list for PBXNativeTarget "FlurryEventLogger" */;
			buildPhases = (
				20072E6B1D2047CE0064A374 /* Sources */,
				20072E6C1D2047CE0064A374 /* Frameworks */,
				20072E6D1D2047CE0064A374 /* Headers */,
				20072E6E1D2047CE0064A374 /* Resources */,
			);
			buildRules = (
			);
			dependencies = (
			);
			name = FlurryEventLogger;
			productName = FlurryEventLogger;
			productReference = 20072E701D2047CE0064A374 /* FlurryEventLogger.framework */;
			productType = "com.apple.product-type.framework";
		};
		20072E791D2047CF0064A374 /* FlurryEventLoggerTests */ = {
			isa = PBXNativeTarget;
			buildConfigurationList = 20072E871D2047CF0064A374 /* Build configuration list for PBXNativeTarget "FlurryEventLoggerTests" */;
			buildPhases = (
				20072E761D2047CF0064A374 /* Sources */,
				20072E771D2047CF0064A374 /* Frameworks */,
				20072E781D2047CF0064A374 /* Resources */,
			);
			buildRules = (
			);
			dependencies = (
				20072E7D1D2047CF0064A374 /* PBXTargetDependency */,
			);
			name = FlurryEventLoggerTests;
			productName = FlurryEventLoggerTests;
			productReference = 20072E7A1D2047CF0064A374 /* FlurryEventLoggerTests.xctest */;
			productType = "com.apple.product-type.bundle.unit-test";
		};
/* End PBXNativeTarget section */

/* Begin PBXProject section */
		20072E671D2047CE0064A374 /* Project object */ = {
			isa = PBXProject;
			attributes = {
				LastSwiftUpdateCheck = 0730;
				LastUpgradeCheck = 0730;
				ORGANIZATIONNAME = "Anıl Göktaş";
				TargetAttributes = {
					20072E6F1D2047CE0064A374 = {
						CreatedOnToolsVersion = 7.3.1;
					};
					20072E791D2047CF0064A374 = {
						CreatedOnToolsVersion = 7.3.1;
					};
				};
			};
			buildConfigurationList = 20072E6A1D2047CE0064A374 /* Build configuration list for PBXProject "FlurryEventLogger" */;
			compatibilityVersion = "Xcode 3.2";
			developmentRegion = English;
			hasScannedForEncodings = 0;
			knownRegions = (
				en,
			);
			mainGroup = 20072E661D2047CE0064A374;
			productRefGroup = 20072E711D2047CE0064A374 /* Products */;
			projectDirPath = "";
			projectRoot = "";
			targets = (
				20072E6F1D2047CE0064A374 /* FlurryEventLogger */,
				20072E791D2047CF0064A374 /* FlurryEventLoggerTests */,
			);
		};
/* End PBXProject section */

/* Begin PBXResourcesBuildPhase section */
		20072E6E1D2047CE0064A374 /* Resources */ = {
			isa = PBXResourcesBuildPhase;
			buildActionMask = 2147483647;
			files = (
			);
			runOnlyForDeploymentPostprocessing = 0;
		};
		20072E781D2047CF0064A374 /* Resources */ = {
			isa = PBXResourcesBuildPhase;
			buildActionMask = 2147483647;
			files = (
			);
			runOnlyForDeploymentPostprocessing = 0;
		};
/* End PBXResourcesBuildPhase section */

/* Begin PBXSourcesBuildPhase section */
		20072E6B1D2047CE0064A374 /* Sources */ = {
			isa = PBXSourcesBuildPhase;
			buildActionMask = 2147483647;
			files = (
			);
			runOnlyForDeploymentPostprocessing = 0;
		};
		20072E761D2047CF0064A374 /* Sources */ = {
			isa = PBXSourcesBuildPhase;
			buildActionMask = 2147483647;
			files = (
				20072E801D2047CF0064A374 /* FlurryEventLoggerTests.swift in Sources */,
			);
			runOnlyForDeploymentPostprocessing = 0;
		};
/* End PBXSourcesBuildPhase section */

/* Begin PBXTargetDependency section */
		20072E7D1D2047CF0064A374 /* PBXTargetDependency */ = {
			isa = PBXTargetDependency;
			target = 20072E6F1D2047CE0064A374 /* FlurryEventLogger */;
			targetProxy = 20072E7C1D2047CF0064A374 /* PBXContainerItemProxy */;
		};
/* End PBXTargetDependency section */

/* Begin XCBuildConfiguration section */
		20072E821D2047CF0064A374 /* Debug */ = {
			isa = XCBuildConfiguration;
			buildSettings = {
				ALWAYS_SEARCH_USER_PATHS = NO;
				CLANG_ANALYZER_NONNULL = YES;
				CLANG_CXX_LANGUAGE_STANDARD = "gnu++0x";
				CLANG_CXX_LIBRARY = "libc++";
				CLANG_ENABLE_MODULES = YES;
				CLANG_ENABLE_OBJC_ARC = YES;
				CLANG_WARN_BOOL_CONVERSION = YES;
				CLANG_WARN_CONSTANT_CONVERSION = YES;
				CLANG_WARN_DIRECT_OBJC_ISA_USAGE = YES_ERROR;
				CLANG_WARN_EMPTY_BODY = YES;
				CLANG_WARN_ENUM_CONVERSION = YES;
				CLANG_WARN_INT_CONVERSION = YES;
				CLANG_WARN_OBJC_ROOT_CLASS = YES_ERROR;
				CLANG_WARN_UNREACHABLE_CODE = YES;
				CLANG_WARN__DUPLICATE_METHOD_MATCH = YES;
				"CODE_SIGN_IDENTITY[sdk=iphoneos*]" = "iPhone Developer";
				COPY_PHASE_STRIP = NO;
				CURRENT_PROJECT_VERSION = 1;
				DEBUG_INFORMATION_FORMAT = dwarf;
				ENABLE_STRICT_OBJC_MSGSEND = YES;
				ENABLE_TESTABILITY = YES;
				GCC_C_LANGUAGE_STANDARD = gnu99;
				GCC_DYNAMIC_NO_PIC = NO;
				GCC_NO_COMMON_BLOCKS = YES;
				GCC_OPTIMIZATION_LEVEL = 0;
				GCC_PREPROCESSOR_DEFINITIONS = (
					"DEBUG=1",
					"$(inherited)",
				);
				GCC_WARN_64_TO_32_BIT_CONVERSION = YES;
				GCC_WARN_ABOUT_RETURN_TYPE = YES_ERROR;
				GCC_WARN_UNDECLARED_SELECTOR = YES;
				GCC_WARN_UNINITIALIZED_AUTOS = YES_AGGRESSIVE;
				GCC_WARN_UNUSED_FUNCTION = YES;
				GCC_WARN_UNUSED_VARIABLE = YES;
				IPHONEOS_DEPLOYMENT_TARGET = 9.3;
				MTL_ENABLE_DEBUG_INFO = YES;
				ONLY_ACTIVE_ARCH = YES;
				SDKROOT = iphoneos;
				SWIFT_OPTIMIZATION_LEVEL = "-Onone";
				TARGETED_DEVICE_FAMILY = "1,2";
				VERSIONING_SYSTEM = "apple-generic";
				VERSION_INFO_PREFIX = "";
			};
			name = Debug;
		};
		20072E831D2047CF0064A374 /* Release */ = {
			isa = XCBuildConfiguration;
			buildSettings = {
				ALWAYS_SEARCH_USER_PATHS = NO;
				CLANG_ANALYZER_NONNULL = YES;
				CLANG_CXX_LANGUAGE_STANDARD = "gnu++0x";
				CLANG_CXX_LIBRARY = "libc++";
				CLANG_ENABLE_MODULES = YES;
				CLANG_ENABLE_OBJC_ARC = YES;
				CLANG_WARN_BOOL_CONVERSION = YES;
				CLANG_WARN_CONSTANT_CONVERSION = YES;
				CLANG_WARN_DIRECT_OBJC_ISA_USAGE = YES_ERROR;
				CLANG_WARN_EMPTY_BODY = YES;
				CLANG_WARN_ENUM_CONVERSION = YES;
				CLANG_WARN_INT_CONVERSION = YES;
				CLANG_WARN_OBJC_ROOT_CLASS = YES_ERROR;
				CLANG_WARN_UNREACHABLE_CODE = YES;
				CLANG_WARN__DUPLICATE_METHOD_MATCH = YES;
				"CODE_SIGN_IDENTITY[sdk=iphoneos*]" = "iPhone Developer";
				COPY_PHASE_STRIP = NO;
				CURRENT_PROJECT_VERSION = 1;
				DEBUG_INFORMATION_FORMAT = "dwarf-with-dsym";
				ENABLE_NS_ASSERTIONS = NO;
				ENABLE_STRICT_OBJC_MSGSEND = YES;
				GCC_C_LANGUAGE_STANDARD = gnu99;
				GCC_NO_COMMON_BLOCKS = YES;
				GCC_WARN_64_TO_32_BIT_CONVERSION = YES;
				GCC_WARN_ABOUT_RETURN_TYPE = YES_ERROR;
				GCC_WARN_UNDECLARED_SELECTOR = YES;
				GCC_WARN_UNINITIALIZED_AUTOS = YES_AGGRESSIVE;
				GCC_WARN_UNUSED_FUNCTION = YES;
				GCC_WARN_UNUSED_VARIABLE = YES;
				IPHONEOS_DEPLOYMENT_TARGET = 9.3;
				MTL_ENABLE_DEBUG_INFO = NO;
				SDKROOT = iphoneos;
				TARGETED_DEVICE_FAMILY = "1,2";
				VALIDATE_PRODUCT = YES;
				VERSIONING_SYSTEM = "apple-generic";
				VERSION_INFO_PREFIX = "";
			};
			name = Release;
		};
		20072E851D2047CF0064A374 /* Debug */ = {
			isa = XCBuildConfiguration;
			buildSettings = {
				DEFINES_MODULE = YES;
				DYLIB_COMPATIBILITY_VERSION = 1;
				DYLIB_CURRENT_VERSION = 1;
				DYLIB_INSTALL_NAME_BASE = "@rpath";
				INFOPLIST_FILE = FlurryEventLogger/Info.plist;
				INSTALL_PATH = "$(LOCAL_LIBRARY_DIR)/Frameworks";
				LD_RUNPATH_SEARCH_PATHS = "$(inherited) @executable_path/Frameworks @loader_path/Frameworks";
				PRODUCT_BUNDLE_IDENTIFIER = com.anilgoktas.FlurryEventLogger;
				PRODUCT_NAME = "$(TARGET_NAME)";
				SKIP_INSTALL = YES;
			};
			name = Debug;
		};
		20072E861D2047CF0064A374 /* Release */ = {
			isa = XCBuildConfiguration;
			buildSettings = {
				DEFINES_MODULE = YES;
				DYLIB_COMPATIBILITY_VERSION = 1;
				DYLIB_CURRENT_VERSION = 1;
				DYLIB_INSTALL_NAME_BASE = "@rpath";
				INFOPLIST_FILE = FlurryEventLogger/Info.plist;
				INSTALL_PATH = "$(LOCAL_LIBRARY_DIR)/Frameworks";
				LD_RUNPATH_SEARCH_PATHS = "$(inherited) @executable_path/Frameworks @loader_path/Frameworks";
				PRODUCT_BUNDLE_IDENTIFIER = com.anilgoktas.FlurryEventLogger;
				PRODUCT_NAME = "$(TARGET_NAME)";
				SKIP_INSTALL = YES;
			};
			name = Release;
		};
		20072E881D2047CF0064A374 /* Debug */ = {
			isa = XCBuildConfiguration;
			buildSettings = {
				INFOPLIST_FILE = FlurryEventLoggerTests/Info.plist;
				LD_RUNPATH_SEARCH_PATHS = "$(inherited) @executable_path/Frameworks @loader_path/Frameworks";
				PRODUCT_BUNDLE_IDENTIFIER = com.anilgoktas.FlurryEventLoggerTests;
				PRODUCT_NAME = "$(TARGET_NAME)";
			};
			name = Debug;
		};
		20072E891D2047CF0064A374 /* Release */ = {
			isa = XCBuildConfiguration;
			buildSettings = {
				INFOPLIST_FILE = FlurryEventLoggerTests/Info.plist;
				LD_RUNPATH_SEARCH_PATHS = "$(inherited) @executable_path/Frameworks @loader_path/Frameworks";
				PRODUCT_BUNDLE_IDENTIFIER = com.anilgoktas.FlurryEventLoggerTests;
				PRODUCT_NAME = "$(TARGET_NAME)";
			};
			name = Release;
		};
/* End XCBuildConfiguration section */

/* Begin XCConfigurationList section */
		20072E6A1D2047CE0064A374 /* Build configuration list for PBXProject "FlurryEventLogger" */ = {
			isa = XCConfigurationList;
			buildConfigurations = (
				20072E821D2047CF0064A374 /* Debug */,
				20072E831D2047CF0064A374 /* Release */,
			);
			defaultConfigurationIsVisible = 0;
			defaultConfigurationName = Release;
		};
		20072E841D2047CF0064A374 /* Build configuration list for PBXNativeTarget "FlurryEventLogger" */ = {
			isa = XCConfigurationList;
			buildConfigurations = (
				20072E851D2047CF0064A374 /* Debug */,
				20072E861D2047CF0064A374 /* Release */,
			);
			defaultConfigurationIsVisible = 0;
		};
		20072E871D2047CF0064A374 /* Build configuration list for PBXNativeTarget "FlurryEventLoggerTests" */ = {
			isa = XCConfigurationList;
			buildConfigurations = (
				20072E881D2047CF0064A374 /* Debug */,
				20072E891D2047CF0064A374 /* Release */,
			);
			defaultConfigurationIsVisible = 0;
		};
/* End XCConfigurationList section */
	};
	rootObject = 20072E671D2047CE0064A374 /* Project object */;
}
